// !$*UTF8*$!
{
	archiveVersion = 1;
	classes = {
	};
	objectVersion = 46;
	objects = {

/* Begin PBXBuildFile section */
		128259121B676B2B00DC1A63 /* main.m in Sources */ = {isa = PBXBuildFile; fileRef = 128259111B676B2B00DC1A63 /* main.m */; };
		128259151B676B2B00DC1A63 /* AppDelegate.m in Sources */ = {isa = PBXBuildFile; fileRef = 128259141B676B2B00DC1A63 /* AppDelegate.m */; };
		128259181B676B2B00DC1A63 /* ViewController.m in Sources */ = {isa = PBXBuildFile; fileRef = 128259171B676B2B00DC1A63 /* ViewController.m */; };
		1282591B1B676B2B00DC1A63 /* Main.storyboard in Resources */ = {isa = PBXBuildFile; fileRef = 128259191B676B2B00DC1A63 /* Main.storyboard */; };
		1282591D1B676B2B00DC1A63 /* Images.xcassets in Resources */ = {isa = PBXBuildFile; fileRef = 1282591C1B676B2B00DC1A63 /* Images.xcassets */; };
		128259201B676B2B00DC1A63 /* LaunchScreen.xib in Resources */ = {isa = PBXBuildFile; fileRef = 1282591E1B676B2B00DC1A63 /* LaunchScreen.xib */; };
		1282592C1B676B2B00DC1A63 /* UIViewAutoLayout__Tests.m in Sources */ = {isa = PBXBuildFile; fileRef = 1282592B1B676B2B00DC1A63 /* UIViewAutoLayout__Tests.m */; };
		42E84016050BB96950B22F39 /* libPods.a in Frameworks */ = {isa = PBXBuildFile; fileRef = 9DC2E723243C503493E4F046 /* libPods.a */; };
/* End PBXBuildFile section */

/* Begin PBXContainerItemProxy section */
		128259261B676B2B00DC1A63 /* PBXContainerItemProxy */ = {
			isa = PBXContainerItemProxy;
			containerPortal = 128259041B676B2B00DC1A63 /* Project object */;
			proxyType = 1;
			remoteGlobalIDString = 1282590B1B676B2B00DC1A63;
			remoteInfo = "UIViewAutoLayout使用";
		};
/* End PBXContainerItemProxy section */

/* Begin PBXFileReference section */
		1282590C1B676B2B00DC1A63 /* UIViewAutoLayout使用.app */ = {isa = PBXFileReference; explicitFileType = wrapper.application; includeInIndex = 0; path = "UIViewAutoLayout使用.app"; sourceTree = BUILT_PRODUCTS_DIR; };
		128259101B676B2B00DC1A63 /* Info.plist */ = {isa = PBXFileReference; lastKnownFileType = text.plist.xml; path = Info.plist; sourceTree = "<group>"; };
		128259111B676B2B00DC1A63 /* main.m */ = {isa = PBXFileReference; lastKnownFileType = sourcecode.c.objc; path = main.m; sourceTree = "<group>"; };
		128259131B676B2B00DC1A63 /* AppDelegate.h */ = {isa = PBXFileReference; lastKnownFileType = sourcecode.c.h; path = AppDelegate.h; sourceTree = "<group>"; };
		128259141B676B2B00DC1A63 /* AppDelegate.m */ = {isa = PBXFileReference; lastKnownFileType = sourcecode.c.objc; path = AppDelegate.m; sourceTree = "<group>"; };
		128259161B676B2B00DC1A63 /* ViewController.h */ = {isa = PBXFileReference; lastKnownFileType = sourcecode.c.h; path = ViewController.h; sourceTree = "<group>"; };
		128259171B676B2B00DC1A63 /* ViewController.m */ = {isa = PBXFileReference; lastKnownFileType = sourcecode.c.objc; path = ViewController.m; sourceTree = "<group>"; };
		1282591A1B676B2B00DC1A63 /* Base */ = {isa = PBXFileReference; lastKnownFileType = file.storyboard; name = Base; path = Base.lproj/Main.storyboard; sourceTree = "<group>"; };
		1282591C1B676B2B00DC1A63 /* Images.xcassets */ = {isa = PBXFileReference; lastKnownFileType = folder.assetcatalog; path = Images.xcassets; sourceTree = "<group>"; };
		1282591F1B676B2B00DC1A63 /* Base */ = {isa = PBXFileReference; lastKnownFileType = file.xib; name = Base; path = Base.lproj/LaunchScreen.xib; sourceTree = "<group>"; };
		128259251B676B2B00DC1A63 /* UIViewAutoLayout使用Tests.xctest */ = {isa = PBXFileReference; explicitFileType = wrapper.cfbundle; includeInIndex = 0; path = "UIViewAutoLayout使用Tests.xctest"; sourceTree = BUILT_PRODUCTS_DIR; };
		1282592A1B676B2B00DC1A63 /* Info.plist */ = {isa = PBXFileReference; lastKnownFileType = text.plist.xml; path = Info.plist; sourceTree = "<group>"; };
		1282592B1B676B2B00DC1A63 /* UIViewAutoLayout__Tests.m */ = {isa = PBXFileReference; lastKnownFileType = sourcecode.c.objc; path = UIViewAutoLayout__Tests.m; sourceTree = "<group>"; };
		35E305BD450286D8D25465D3 /* Pods.debug.xcconfig */ = {isa = PBXFileReference; includeInIndex = 1; lastKnownFileType = text.xcconfig; name = Pods.debug.xcconfig; path = "Pods/Target Support Files/Pods/Pods.debug.xcconfig"; sourceTree = "<group>"; };
		9DC2E723243C503493E4F046 /* libPods.a */ = {isa = PBXFileReference; explicitFileType = archive.ar; includeInIndex = 0; path = libPods.a; sourceTree = BUILT_PRODUCTS_DIR; };
		FA2C787FFBB511845436A1FF /* Pods.release.xcconfig */ = {isa = PBXFileReference; includeInIndex = 1; lastKnownFileType = text.xcconfig; name = Pods.release.xcconfig; path = "Pods/Target Support Files/Pods/Pods.release.xcconfig"; sourceTree = "<group>"; };
/* End PBXFileReference section */

/* Begin PBXFrameworksBuildPhase section */
		128259091B676B2B00DC1A63 /* Frameworks */ = {
			isa = PBXFrameworksBuildPhase;
			buildActionMask = 2147483647;
			files = (
				42E84016050BB96950B22F39 /* libPods.a in Frameworks */,
			);
			runOnlyForDeploymentPostprocessing = 0;
		};
		128259221B676B2B00DC1A63 /* Frameworks */ = {
			isa = PBXFrameworksBuildPhase;
			buildActionMask = 2147483647;
			files = (
			);
			runOnlyForDeploymentPostprocessing = 0;
		};
/* End PBXFrameworksBuildPhase section */

/* Begin PBXGroup section */
		128259031B676B2B00DC1A63 = {
			isa = PBXGroup;
			children = (
				1282590E1B676B2B00DC1A63 /* UIViewAutoLayout使用 */,
				128259281B676B2B00DC1A63 /* UIViewAutoLayout使用Tests */,
				1282590D1B676B2B00DC1A63 /* Products */,
				5B4F4DBFA521334FF04FE0C5 /* Pods */,
				7C54A4B7A0150B11EF8F17A1 /* Frameworks */,
			);
			sourceTree = "<group>";
		};
		1282590D1B676B2B00DC1A63 /* Products */ = {
			isa = PBXGroup;
			children = (
				1282590C1B676B2B00DC1A63 /* UIViewAutoLayout使用.app */,
				128259251B676B2B00DC1A63 /* UIViewAutoLayout使用Tests.xctest */,
			);
			name = Products;
			sourceTree = "<group>";
		};
		1282590E1B676B2B00DC1A63 /* UIViewAutoLayout使用 */ = {
			isa = PBXGroup;
			children = (
				128259131B676B2B00DC1A63 /* AppDelegate.h */,
				128259141B676B2B00DC1A63 /* AppDelegate.m */,
				128259161B676B2B00DC1A63 /* ViewController.h */,
				128259171B676B2B00DC1A63 /* ViewController.m */,
				128259191B676B2B00DC1A63 /* Main.storyboard */,
				1282591C1B676B2B00DC1A63 /* Images.xcassets */,
				1282591E1B676B2B00DC1A63 /* LaunchScreen.xib */,
				1282590F1B676B2B00DC1A63 /* Supporting Files */,
			);
			path = "UIViewAutoLayout使用";
			sourceTree = "<group>";
		};
		1282590F1B676B2B00DC1A63 /* Supporting Files */ = {
			isa = PBXGroup;
			children = (
				128259101B676B2B00DC1A63 /* Info.plist */,
				128259111B676B2B00DC1A63 /* main.m */,
			);
			name = "Supporting Files";
			sourceTree = "<group>";
		};
		128259281B676B2B00DC1A63 /* UIViewAutoLayout使用Tests */ = {
			isa = PBXGroup;
			children = (
				1282592B1B676B2B00DC1A63 /* UIViewAutoLayout__Tests.m */,
				128259291B676B2B00DC1A63 /* Supporting Files */,
			);
			path = "UIViewAutoLayout使用Tests";
			sourceTree = "<group>";
		};
		128259291B676B2B00DC1A63 /* Supporting Files */ = {
			isa = PBXGroup;
			children = (
				1282592A1B676B2B00DC1A63 /* Info.plist */,
			);
			name = "Supporting Files";
			sourceTree = "<group>";
		};
		5B4F4DBFA521334FF04FE0C5 /* Pods */ = {
			isa = PBXGroup;
			children = (
				35E305BD450286D8D25465D3 /* Pods.debug.xcconfig */,
				FA2C787FFBB511845436A1FF /* Pods.release.xcconfig */,
			);
			name = Pods;
			sourceTree = "<group>";
		};
		7C54A4B7A0150B11EF8F17A1 /* Frameworks */ = {
			isa = PBXGroup;
			children = (
				9DC2E723243C503493E4F046 /* libPods.a */,
			);
			name = Frameworks;
			sourceTree = "<group>";
		};
/* End PBXGroup section */

/* Begin PBXNativeTarget section */
		1282590B1B676B2B00DC1A63 /* UIViewAutoLayout使用 */ = {
			isa = PBXNativeTarget;
			buildConfigurationList = 1282592F1B676B2B00DC1A63 /* Build configuration list for PBXNativeTarget "UIViewAutoLayout使用" */;
			buildPhases = (
				3E00E6EC4CCE4166CC8B1615 /* Check Pods Manifest.lock */,
				128259081B676B2B00DC1A63 /* Sources */,
				128259091B676B2B00DC1A63 /* Frameworks */,
				1282590A1B676B2B00DC1A63 /* Resources */,
				28CFFA3C821CCC2C8544B6B2 /* Copy Pods Resources */,
			);
			buildRules = (
			);
			dependencies = (
			);
			name = "UIViewAutoLayout使用";
			productName = "UIViewAutoLayout使用";
			productReference = 1282590C1B676B2B00DC1A63 /* UIViewAutoLayout使用.app */;
			productType = "com.apple.product-type.application";
		};
		128259241B676B2B00DC1A63 /* UIViewAutoLayout使用Tests */ = {
			isa = PBXNativeTarget;
			buildConfigurationList = 128259321B676B2B00DC1A63 /* Build configuration list for PBXNativeTarget "UIViewAutoLayout使用Tests" */;
			buildPhases = (
				128259211B676B2B00DC1A63 /* Sources */,
				128259221B676B2B00DC1A63 /* Frameworks */,
				128259231B676B2B00DC1A63 /* Resources */,
			);
			buildRules = (
			);
			dependencies = (
				128259271B676B2B00DC1A63 /* PBXTargetDependency */,
			);
			name = "UIViewAutoLayout使用Tests";
			productName = "UIViewAutoLayout使用Tests";
			productReference = 128259251B676B2B00DC1A63 /* UIViewAutoLayout使用Tests.xctest */;
			productType = "com.apple.product-type.bundle.unit-test";
		};
/* End PBXNativeTarget section */

/* Begin PBXProject section */
		128259041B676B2B00DC1A63 /* Project object */ = {
			isa = PBXProject;
			attributes = {
				LastUpgradeCheck = 0630;
				ORGANIZATIONNAME = liuchunlao;
				TargetAttributes = {
					1282590B1B676B2B00DC1A63 = {
						CreatedOnToolsVersion = 6.3;
					};
					128259241B676B2B00DC1A63 = {
						CreatedOnToolsVersion = 6.3;
						TestTargetID = 1282590B1B676B2B00DC1A63;
					};
				};
			};
			buildConfigurationList = 128259071B676B2B00DC1A63 /* Build configuration list for PBXProject "UIViewAutoLayout使用" */;
			compatibilityVersion = "Xcode 3.2";
			developmentRegion = English;
			hasScannedForEncodings = 0;
			knownRegions = (
				en,
				Base,
			);
			mainGroup = 128259031B676B2B00DC1A63;
			productRefGroup = 1282590D1B676B2B00DC1A63 /* Products */;
			projectDirPath = "";
			projectRoot = "";
			targets = (
				1282590B1B676B2B00DC1A63 /* UIViewAutoLayout使用 */,
				128259241B676B2B00DC1A63 /* UIViewAutoLayout使用Tests */,
			);
		};
/* End PBXProject section */

/* Begin PBXResourcesBuildPhase section */
		1282590A1B676B2B00DC1A63 /* Resources */ = {
			isa = PBXResourcesBuildPhase;
			buildActionMask = 2147483647;
			files = (
				1282591B1B676B2B00DC1A63 /* Main.storyboard in Resources */,
				128259201B676B2B00DC1A63 /* LaunchScreen.xib in Resources */,
				1282591D1B676B2B00DC1A63 /* Images.xcassets in Resources */,
			);
			runOnlyForDeploymentPostprocessing = 0;
		};
		128259231B676B2B00DC1A63 /* Resources */ = {
			isa = PBXResourcesBuildPhase;
			buildActionMask = 2147483647;
			files = (
			);
			runOnlyForDeploymentPostprocessing = 0;
		};
/* End PBXResourcesBuildPhase section */

/* Begin PBXShellScriptBuildPhase section */
		28CFFA3C821CCC2C8544B6B2 /* Copy Pods Resources */ = {
			isa = PBXShellScriptBuildPhase;
			buildActionMask = 2147483647;
			files = (
			);
			inputPaths = (
			);
			name = "Copy Pods Resources";
			outputPaths = (
			);
			runOnlyForDeploymentPostprocessing = 0;
			shellPath = /bin/sh;
			shellScript = "\"${SRCROOT}/Pods/Target Support Files/Pods/Pods-resources.sh\"\n";
			showEnvVarsInLog = 0;
		};
		3E00E6EC4CCE4166CC8B1615 /* Check Pods Manifest.lock */ = {
			isa = PBXShellScriptBuildPhase;
			buildActionMask = 2147483647;
			files = (
			);
			inputPaths = (
			);
			name = "Check Pods Manifest.lock";
			outputPaths = (
			);
			runOnlyForDeploymentPostprocessing = 0;
			shellPath = /bin/sh;
			shellScript = "diff \"${PODS_ROOT}/../Podfile.lock\" \"${PODS_ROOT}/Manifest.lock\" > /dev/null\nif [[ $? != 0 ]] ; then\n    cat << EOM\nerror: The sandbox is not in sync with the Podfile.lock. Run 'pod install' or update your CocoaPods installation.\nEOM\n    exit 1\nfi\n";
			showEnvVarsInLog = 0;
		};
/* End PBXShellScriptBuildPhase section */

/* Begin PBXSourcesBuildPhase section */
		128259081B676B2B00DC1A63 /* Sources */ = {
			isa = PBXSourcesBuildPhase;
			buildActionMask = 2147483647;
			files = (
				128259181B676B2B00DC1A63 /* ViewController.m in Sources */,
				128259151B676B2B00DC1A63 /* AppDelegate.m in Sources */,
				128259121B676B2B00DC1A63 /* main.m in Sources */,
			);
			runOnlyForDeploymentPostprocessing = 0;
		};
		128259211B676B2B00DC1A63 /* Sources */ = {
			isa = PBXSourcesBuildPhase;
			buildActionMask = 2147483647;
			files = (
				1282592C1B676B2B00DC1A63 /* UIViewAutoLayout__Tests.m in Sources */,
			);
			runOnlyForDeploymentPostprocessing = 0;
		};
/* End PBXSourcesBuildPhase section */

/* Begin PBXTargetDependency section */
		128259271B676B2B00DC1A63 /* PBXTargetDependency */ = {
			isa = PBXTargetDependency;
			target = 1282590B1B676B2B00DC1A63 /* UIViewAutoLayout使用 */;
			targetProxy = 128259261B676B2B00DC1A63 /* PBXContainerItemProxy */;
		};
/* End PBXTargetDependency section */

/* Begin PBXVariantGroup section */
		128259191B676B2B00DC1A63 /* Main.storyboard */ = {
			isa = PBXVariantGroup;
			children = (
				1282591A1B676B2B00DC1A63 /* Base */,
			);
			name = Main.storyboard;
			sourceTree = "<group>";
		};
		1282591E1B676B2B00DC1A63 /* LaunchScreen.xib */ = {
			isa = PBXVariantGroup;
			children = (
				1282591F1B676B2B00DC1A63 /* Base */,
			);
			name = LaunchScreen.xib;
			sourceTree = "<group>";
		};
/* End PBXVariantGroup section */

/* Begin XCBuildConfiguration section */
		1282592D1B676B2B00DC1A63 /* Debug */ = {
			isa = XCBuildConfiguration;
			buildSettings = {
				ALWAYS_SEARCH_USER_PATHS = NO;
				CLANG_CXX_LANGUAGE_STANDARD = "gnu++0x";
				CLANG_CXX_LIBRARY = "libc++";
				CLANG_ENABLE_MODULES = YES;
				CLANG_ENABLE_OBJC_ARC = YES;
				CLANG_WARN_BOOL_CONVERSION = YES;
				CLANG_WARN_CONSTANT_CONVERSION = YES;
				CLANG_WARN_DIRECT_OBJC_ISA_USAGE = YES_ERROR;
				CLANG_WARN_EMPTY_BODY = YES;
				CLANG_WARN_ENUM_CONVERSION = YES;
				CLANG_WARN_INT_CONVERSION = YES;
				CLANG_WARN_OBJC_ROOT_CLASS = YES_ERROR;
				CLANG_WARN_UNREACHABLE_CODE = YES;
				CLANG_WARN__DUPLICATE_METHOD_MATCH = YES;
				"CODE_SIGN_IDENTITY[sdk=iphoneos*]" = "iPhone Developer";
				COPY_PHASE_STRIP = NO;
				DEBUG_INFORMATION_FORMAT = "dwarf-with-dsym";
				ENABLE_STRICT_OBJC_MSGSEND = YES;
				GCC_C_LANGUAGE_STANDARD = gnu99;
				GCC_DYNAMIC_NO_PIC = NO;
				GCC_NO_COMMON_BLOCKS = YES;
				GCC_OPTIMIZATION_LEVEL = 0;
				GCC_PREPROCESSOR_DEFINITIONS = (
					"DEBUG=1",
					"$(inherited)",
				);
				GCC_SYMBOLS_PRIVATE_EXTERN = NO;
				GCC_WARN_64_TO_32_BIT_CONVERSION = YES;
				GCC_WARN_ABOUT_RETURN_TYPE = YES_ERROR;
				GCC_WARN_UNDECLARED_SELECTOR = YES;
				GCC_WARN_UNINITIALIZED_AUTOS = YES_AGGRESSIVE;
				GCC_WARN_UNUSED_FUNCTION = YES;
				GCC_WARN_UNUSED_VARIABLE = YES;
				IPHONEOS_DEPLOYMENT_TARGET = 8.3;
				MTL_ENABLE_DEBUG_INFO = YES;
				ONLY_ACTIVE_ARCH = YES;
				SDKROOT = iphoneos;
			};
			name = Debug;
		};
		1282592E1B676B2B00DC1A63 /* Release */ = {
			isa = XCBuildConfiguration;
			buildSettings = {
				ALWAYS_SEARCH_USER_PATHS = NO;
				CLANG_CXX_LANGUAGE_STANDARD = "gnu++0x";
				CLANG_CXX_LIBRARY = "libc++";
				CLANG_ENABLE_MODULES = YES;
				CLANG_ENABLE_OBJC_ARC = YES;
				CLANG_WARN_BOOL_CONVERSION = YES;
				CLANG_WARN_CONSTANT_CONVERSION = YES;
				CLANG_WARN_DIRECT_OBJC_ISA_USAGE = YES_ERROR;
				CLANG_WARN_EMPTY_BODY = YES;
				CLANG_WARN_ENUM_CONVERSION = YES;
				CLANG_WARN_INT_CONVERSION = YES;
				CLANG_WARN_OBJC_ROOT_CLASS = YES_ERROR;
				CLANG_WARN_UNREACHABLE_CODE = YES;
				CLANG_WARN__DUPLICATE_METHOD_MATCH = YES;
				"CODE_SIGN_IDENTITY[sdk=iphoneos*]" = "iPhone Developer";
				COPY_PHASE_STRIP = NO;
				DEBUG_INFORMATION_FORMAT = "dwarf-with-dsym";
				ENABLE_NS_ASSERTIONS = NO;
				ENABLE_STRICT_OBJC_MSGSEND = YES;
				GCC_C_LANGUAGE_STANDARD = gnu99;
				GCC_NO_COMMON_BLOCKS = YES;
				GCC_WARN_64_TO_32_BIT_CONVERSION = YES;
				GCC_WARN_ABOUT_RETURN_TYPE = YES_ERROR;
				GCC_WARN_UNDECLARED_SELECTOR = YES;
				GCC_WARN_UNINITIALIZED_AUTOS = YES_AGGRESSIVE;
				GCC_WARN_UNUSED_FUNCTION = YES;
				GCC_WARN_UNUSED_VARIABLE = YES;
				IPHONEOS_DEPLOYMENT_TARGET = 8.3;
				MTL_ENABLE_DEBUG_INFO = NO;
				SDKROOT = iphoneos;
				VALIDATE_PRODUCT = YES;
			};
			name = Release;
		};
		128259301B676B2B00DC1A63 /* Debug */ = {
			isa = XCBuildConfiguration;
			baseConfigurationReference = 35E305BD450286D8D25465D3 /* Pods.debug.xcconfig */;
			buildSettings = {
				ASSETCATALOG_COMPILER_APPICON_NAME = AppIcon;
				INFOPLIST_FILE = "UIViewAutoLayout使用/Info.plist";
				IPHONEOS_DEPLOYMENT_TARGET = 7.0;
				LD_RUNPATH_SEARCH_PATHS = "$(inherited) @executable_path/Frameworks";
				PRODUCT_NAME = "$(TARGET_NAME)";
			};
			name = Debug;
		};
		128259311B676B2B00DC1A63 /* Release */ = {
			isa = XCBuildConfiguration;
			baseConfigurationReference = FA2C787FFBB511845436A1FF /* Pods.release.xcconfig */;
			buildSettings = {
				ASSETCATALOG_COMPILER_APPICON_NAME = AppIcon;
				INFOPLIST_FILE = "UIViewAutoLayout使用/Info.plist";
				IPHONEOS_DEPLOYMENT_TARGET = 7.0;
				LD_RUNPATH_SEARCH_PATHS = "$(inherited) @executable_path/Frameworks";
				PRODUCT_NAME = "$(TARGET_NAME)";
			};
			name = Release;
		};
		128259331B676B2B00DC1A63 /* Debug */ = {
			isa = XCBuildConfiguration;
			buildSettings = {
				BUNDLE_LOADER = "$(TEST_HOST)";
				FRAMEWORK_SEARCH_PATHS = (
					"$(SDKROOT)/Developer/Library/Frameworks",
					"$(inherited)",
				);
				GCC_PREPROCESSOR_DEFINITIONS = (
					"DEBUG=1",
					"$(inherited)",
				);
				INFOPLIST_FILE = "UIViewAutoLayout使用Tests/Info.plist";
				LD_RUNPATH_SEARCH_PATHS = "$(inherited) @executable_path/Frameworks @loader_path/Frameworks";
				PRODUCT_NAME = "$(TARGET_NAME)";
				TEST_HOST = "$(BUILT_PRODUCTS_DIR)/UIViewAutoLayout使用.app/UIViewAutoLayout使用";
			};
			name = Debug;
		};
		128259341B676B2B00DC1A63 /* Release */ = {
			isa = XCBuildConfiguration;
			buildSettings = {
				BUNDLE_LOADER = "$(TEST_HOST)";
				FRAMEWORK_SEARCH_PATHS = (
					"$(SDKROOT)/Developer/Library/Frameworks",
					"$(inherited)",
				);
				INFOPLIST_FILE = "UIViewAutoLayout使用Tests/Info.plist";
				LD_RUNPATH_SEARCH_PATHS = "$(inherited) @executable_path/Frameworks @loader_path/Frameworks";
				PRODUCT_NAME = "$(TARGET_NAME)";
				TEST_HOST = "$(BUILT_PRODUCTS_DIR)/UIViewAutoLayout使用.app/UIViewAutoLayout使用";
			};
			name = Release;
		};
/* End XCBuildConfiguration section */

/* Begin XCConfigurationList section */
		128259071B676B2B00DC1A63 /* Build configuration list for PBXProject "UIViewAutoLayout使用" */ = {
			isa = XCConfigurationList;
			buildConfigurations = (
				1282592D1B676B2B00DC1A63 /* Debug */,
				1282592E1B676B2B00DC1A63 /* Release */,
			);
			defaultConfigurationIsVisible = 0;
			defaultConfigurationName = Release;
		};
		1282592F1B676B2B00DC1A63 /* Build configuration list for PBXNativeTarget "UIViewAutoLayout使用" */ = {
			isa = XCConfigurationList;
			buildConfigurations = (
				128259301B676B2B00DC1A63 /* Debug */,
				128259311B676B2B00DC1A63 /* Release */,
			);
			defaultConfigurationIsVisible = 0;
			defaultConfigurationName = Release;
		};
		128259321B676B2B00DC1A63 /* Build configuration list for PBXNativeTarget "UIViewAutoLayout使用Tests" */ = {
			isa = XCConfigurationList;
			buildConfigurations = (
				128259331B676B2B00DC1A63 /* Debug */,
				128259341B676B2B00DC1A63 /* Release */,
			);
			defaultConfigurationIsVisible = 0;
			defaultConfigurationName = Release;
		};
/* End XCConfigurationList section */
	};
	rootObject = 128259041B676B2B00DC1A63 /* Project object */;
}
